
Microsoft Visual Studio Solution File, Format Version 12.00
# Visual Studio Version 16
VisualStudioVersion = 16.0.30709.132
MinimumVisualStudioVersion = 10.0.40219.1
Project("{2150E333-8FDC-42A3-9474-1A3956D46DE8}") = "Services", "Services", "{E995B752-0A2F-41FA-8B4F-5FF012DBED8D}"
	ProjectSection(SolutionItems) = preProject
		_.txt = _.txt
	EndProjectSection
EndProject
Project("{2150E333-8FDC-42A3-9474-1A3956D46DE8}") = "Catalog", "Catalog", "{A793ED15-BC90-4DA4-8A3F-C2A06ED95B9B}"
EndProject
Project("{9A19103F-16F7-4668-BE54-9A1E7A4F7556}") = "Catalog.API", "Services\Catalog\Catalog.API\Catalog.API.csproj", "{B4BF753C-AADB-450F-9CC5-C067E8E4590D}"
EndProject
Project("{2150E333-8FDC-42A3-9474-1A3956D46DE8}") = "Basket", "Basket", "{E8635F7E-4626-4383-BA17-C3D1E56391B4}"
EndProject
Project("{9A19103F-16F7-4668-BE54-9A1E7A4F7556}") = "Basket.API", "Services\Basket\Basket.API\Basket.API.csproj", "{E7C61DE1-25C6-460B-80EB-BCB1257919B4}"
EndProject
Project("{E53339B2-1760-4266-BCC7-CA923CBCF16C}") = "docker-compose", "docker-compose.dcproj", "{5E8F1DF1-9F81-415B-B2BF-9A8482BD7ECC}"
EndProject
Project("{2150E333-8FDC-42A3-9474-1A3956D46DE8}") = "Discount", "Discount", "{2E170EFA-E424-46B7-B002-F2BB679A33A8}"
EndProject
Project("{9A19103F-16F7-4668-BE54-9A1E7A4F7556}") = "Discount.API", "Services\Discount\Discount.API\Discount.API.csproj", "{FF78CCC7-546E-46FF-A357-A238A410E70A}"
EndProject
Project("{9A19103F-16F7-4668-BE54-9A1E7A4F7556}") = "Discount.Grpc", "Services\Discount\Discount.Grpc\Discount.Grpc.csproj", "{8BB09188-E8D9-4C42-88EC-3714D9512F2F}"
EndProject
Project("{2150E333-8FDC-42A3-9474-1A3956D46DE8}") = "Ordering", "Ordering", "{8A2011AB-9477-4C0C-AFD7-7EF605166474}"
EndProject
Project("{FAE04EC0-301F-11D3-BF4B-00C04F79EFBC}") = "Ordering.API", "Services\Ordering\Ordering.API\Ordering.API.csproj", "{D12B3820-4249-4D0F-9221-D8E6214CFFD7}"
EndProject
Project("{FAE04EC0-301F-11D3-BF4B-00C04F79EFBC}") = "Ordering.Infrastructure", "Services\Ordering\Ordering.Infrastructure\Ordering.Infrastructure.csproj", "{BCE3F463-7BB8-4A0F-961C-E61A090B0737}"
EndProject
Project("{9A19103F-16F7-4668-BE54-9A1E7A4F7556}") = "Ordering.Application", "Services\Ordering\Ordering.Application\Ordering.Application.csproj", "{44A16177-E9AD-4737-854A-D1B01700AB80}"
EndProject
Project("{9A19103F-16F7-4668-BE54-9A1E7A4F7556}") = "Ordering.Domain", "Services\Ordering\Ordering.Domain\Ordering.Domain.csproj", "{A06BCA75-522A-4538-8864-6853242A57DF}"
EndProject
Global
	GlobalSection(SolutionConfigurationPlatforms) = preSolution
		Debug|Any CPU = Debug|Any CPU
		Release|Any CPU = Release|Any CPU
	EndGlobalSection
	GlobalSection(ProjectConfigurationPlatforms) = postSolution
		{B4BF753C-AADB-450F-9CC5-C067E8E4590D}.Debug|Any CPU.ActiveCfg = Debug|Any CPU
		{B4BF753C-AADB-450F-9CC5-C067E8E4590D}.Debug|Any CPU.Build.0 = Debug|Any CPU
		{B4BF753C-AADB-450F-9CC5-C067E8E4590D}.Release|Any CPU.ActiveCfg = Release|Any CPU
		{B4BF753C-AADB-450F-9CC5-C067E8E4590D}.Release|Any CPU.Build.0 = Release|Any CPU
		{E7C61DE1-25C6-460B-80EB-BCB1257919B4}.Debug|Any CPU.ActiveCfg = Debug|Any CPU
		{E7C61DE1-25C6-460B-80EB-BCB1257919B4}.Debug|Any CPU.Build.0 = Debug|Any CPU
		{E7C61DE1-25C6-460B-80EB-BCB1257919B4}.Release|Any CPU.ActiveCfg = Release|Any CPU
		{E7C61DE1-25C6-460B-80EB-BCB1257919B4}.Release|Any CPU.Build.0 = Release|Any CPU
		{5E8F1DF1-9F81-415B-B2BF-9A8482BD7ECC}.Debug|Any CPU.ActiveCfg = Debug|Any CPU
		{5E8F1DF1-9F81-415B-B2BF-9A8482BD7ECC}.Debug|Any CPU.Build.0 = Debug|Any CPU
		{5E8F1DF1-9F81-415B-B2BF-9A8482BD7ECC}.Release|Any CPU.ActiveCfg = Release|Any CPU
		{5E8F1DF1-9F81-415B-B2BF-9A8482BD7ECC}.Release|Any CPU.Build.0 = Release|Any CPU
		{FF78CCC7-546E-46FF-A357-A238A410E70A}.Debug|Any CPU.ActiveCfg = Debug|Any CPU
		{FF78CCC7-546E-46FF-A357-A238A410E70A}.Debug|Any CPU.Build.0 = Debug|Any CPU
		{FF78CCC7-546E-46FF-A357-A238A410E70A}.Release|Any CPU.ActiveCfg = Release|Any CPU
		{FF78CCC7-546E-46FF-A357-A238A410E70A}.Release|Any CPU.Build.0 = Release|Any CPU
		{8BB09188-E8D9-4C42-88EC-3714D9512F2F}.Debug|Any CPU.ActiveCfg = Debug|Any CPU
		{8BB09188-E8D9-4C42-88EC-3714D9512F2F}.Debug|Any CPU.Build.0 = Debug|Any CPU
		{8BB09188-E8D9-4C42-88EC-3714D9512F2F}.Release|Any CPU.ActiveCfg = Release|Any CPU
		{8BB09188-E8D9-4C42-88EC-3714D9512F2F}.Release|Any CPU.Build.0 = Release|Any CPU
		{D12B3820-4249-4D0F-9221-D8E6214CFFD7}.Debug|Any CPU.ActiveCfg = Debug|Any CPU
		{D12B3820-4249-4D0F-9221-D8E6214CFFD7}.Debug|Any CPU.Build.0 = Debug|Any CPU
		{D12B3820-4249-4D0F-9221-D8E6214CFFD7}.Release|Any CPU.ActiveCfg = Release|Any CPU
		{D12B3820-4249-4D0F-9221-D8E6214CFFD7}.Release|Any CPU.Build.0 = Release|Any CPU
		{BCE3F463-7BB8-4A0F-961C-E61A090B0737}.Debug|Any CPU.ActiveCfg = Debug|Any CPU
		{BCE3F463-7BB8-4A0F-961C-E61A090B0737}.Debug|Any CPU.Build.0 = Debug|Any CPU
		{BCE3F463-7BB8-4A0F-961C-E61A090B0737}.Release|Any CPU.ActiveCfg = Release|Any CPU
		{BCE3F463-7BB8-4A0F-961C-E61A090B0737}.Release|Any CPU.Build.0 = Release|Any CPU
		{44A16177-E9AD-4737-854A-D1B01700AB80}.Debug|Any CPU.ActiveCfg = Debug|Any CPU
		{44A16177-E9AD-4737-854A-D1B01700AB80}.Debug|Any CPU.Build.0 = Debug|Any CPU
		{44A16177-E9AD-4737-854A-D1B01700AB80}.Release|Any CPU.ActiveCfg = Release|Any CPU
		{44A16177-E9AD-4737-854A-D1B01700AB80}.Release|Any CPU.Build.0 = Release|Any CPU
		{A06BCA75-522A-4538-8864-6853242A57DF}.Debug|Any CPU.ActiveCfg = Debug|Any CPU
		{A06BCA75-522A-4538-8864-6853242A57DF}.Debug|Any CPU.Build.0 = Debug|Any CPU
		{A06BCA75-522A-4538-8864-6853242A57DF}.Release|Any CPU.ActiveCfg = Release|Any CPU
		{A06BCA75-522A-4538-8864-6853242A57DF}.Release|Any CPU.Build.0 = Release|Any CPU
	EndGlobalSection
	GlobalSection(SolutionProperties) = preSolution
		HideSolutionNode = FALSE
	EndGlobalSection
	GlobalSection(NestedProjects) = preSolution
		{A793ED15-BC90-4DA4-8A3F-C2A06ED95B9B} = {E995B752-0A2F-41FA-8B4F-5FF012DBED8D}
		{B4BF753C-AADB-450F-9CC5-C067E8E4590D} = {A793ED15-BC90-4DA4-8A3F-C2A06ED95B9B}
		{E8635F7E-4626-4383-BA17-C3D1E56391B4} = {E995B752-0A2F-41FA-8B4F-5FF012DBED8D}
		{E7C61DE1-25C6-460B-80EB-BCB1257919B4} = {E8635F7E-4626-4383-BA17-C3D1E56391B4}
		{2E170EFA-E424-46B7-B002-F2BB679A33A8} = {E995B752-0A2F-41FA-8B4F-5FF012DBED8D}
		{FF78CCC7-546E-46FF-A357-A238A410E70A} = {2E170EFA-E424-46B7-B002-F2BB679A33A8}
		{8BB09188-E8D9-4C42-88EC-3714D9512F2F} = {2E170EFA-E424-46B7-B002-F2BB679A33A8}
		{8A2011AB-9477-4C0C-AFD7-7EF605166474} = {E995B752-0A2F-41FA-8B4F-5FF012DBED8D}
		{D12B3820-4249-4D0F-9221-D8E6214CFFD7} = {8A2011AB-9477-4C0C-AFD7-7EF605166474}
		{BCE3F463-7BB8-4A0F-961C-E61A090B0737} = {8A2011AB-9477-4C0C-AFD7-7EF605166474}
		{44A16177-E9AD-4737-854A-D1B01700AB80} = {8A2011AB-9477-4C0C-AFD7-7EF605166474}
		{A06BCA75-522A-4538-8864-6853242A57DF} = {8A2011AB-9477-4C0C-AFD7-7EF605166474}
	EndGlobalSection
	GlobalSection(ExtensibilityGlobals) = postSolution
		SolutionGuid = {90F97368-2E14-4798-86E7-D1F382C5BFFA}
	EndGlobalSection
EndGlobal
